
Microsoft Visual Studio Solution File, Format Version 12.00
# Visual Studio Version 17
VisualStudioVersion = 17.14.36518.9 d17.14
MinimumVisualStudioVersion = 10.0.40219.1
Project("{FAE04EC0-301F-11D3-BF4B-00C04F79EFBC}") = "Quiz3API", "Quiz3API\Quiz3API.csproj", "{8F1162E9-08EA-446B-9738-C38C6234ABD9}"
EndProject
Global
	GlobalSection(SolutionConfigurationPlatforms) = preSolution
		Debug|Any CPU = Debug|Any CPU
		Release|Any CPU = Release|Any CPU
	EndGlobalSection
	GlobalSection(ProjectConfigurationPlatforms) = postSolution
		{8F1162E9-08EA-446B-9738-C38C6234ABD9}.Debug|Any CPU.ActiveCfg = Debug|Any CPU
		{8F1162E9-08EA-446B-9738-C38C6234ABD9}.Debug|Any CPU.Build.0 = Debug|Any CPU
		{8F1162E9-08EA-446B-9738-C38C6234ABD9}.Release|Any CPU.ActiveCfg = Release|Any CPU
		{8F1162E9-08EA-446B-9738-C38C6234ABD9}.Release|Any CPU.Build.0 = Release|Any CPU
	EndGlobalSection
	GlobalSection(SolutionProperties) = preSolution
		HideSolutionNode = FALSE
	EndGlobalSection
	GlobalSection(ExtensibilityGlobals) = postSolution
		SolutionGuid = {2AC716B6-3E51-42AF-B23D-E3DB7808162B}
	EndGlobalSection
EndGlobal
